
Microsoft Visual Studio Solution File, Format Version 12.00
# Visual Studio Version 17
VisualStudioVersion = 17.3.32804.467
MinimumVisualStudioVersion = 10.0.40219.1
Project("{FAE04EC0-301F-11D3-BF4B-00C04F79EFBC}") = "ex1", "ex1.csproj", "{CC78FF6E-7D12-484A-ABBE-F9BDD01A7E0E}"
EndProject
Global
	GlobalSection(SolutionConfigurationPlatforms) = preSolution
		Debug|Any CPU = Debug|Any CPU
		Release|Any CPU = Release|Any CPU
	EndGlobalSection
	GlobalSection(ProjectConfigurationPlatforms) = postSolution
		{CC78FF6E-7D12-484A-ABBE-F9BDD01A7E0E}.Debug|Any CPU.ActiveCfg = Debug|Any CPU
		{CC78FF6E-7D12-484A-ABBE-F9BDD01A7E0E}.Debug|Any CPU.Build.0 = Debug|Any CPU
		{CC78FF6E-7D12-484A-ABBE-F9BDD01A7E0E}.Release|Any CPU.ActiveCfg = Release|Any CPU
		{CC78FF6E-7D12-484A-ABBE-F9BDD01A7E0E}.Release|Any CPU.Build.0 = Release|Any CPU
	EndGlobalSection
	GlobalSection(SolutionProperties) = preSolution
		HideSolutionNode = FALSE
	EndGlobalSection
	GlobalSection(ExtensibilityGlobals) = postSolution
		SolutionGuid = {A26840B7-7E32-4772-BC53-70EE55666EBF}
	EndGlobalSection
EndGlobal
